
Microsoft Visual Studio Solution File, Format Version 12.00
# Visual Studio Version 16
VisualStudioVersion = 16.0.31129.286
MinimumVisualStudioVersion = 10.0.40219.1
Project("{FAE04EC0-301F-11D3-BF4B-00C04F79EFBC}") = "Assign-1", "Assign-1.csproj", "{169DCA3F-419D-4457-ADE4-170D3CD0596E}"
EndProject
Global
	GlobalSection(SolutionConfigurationPlatforms) = preSolution
		Debug|Any CPU = Debug|Any CPU
		Release|Any CPU = Release|Any CPU
	EndGlobalSection
	GlobalSection(ProjectConfigurationPlatforms) = postSolution
		{169DCA3F-419D-4457-ADE4-170D3CD0596E}.Debug|Any CPU.ActiveCfg = Debug|Any CPU
		{169DCA3F-419D-4457-ADE4-170D3CD0596E}.Debug|Any CPU.Build.0 = Debug|Any CPU
		{169DCA3F-419D-4457-ADE4-170D3CD0596E}.Release|Any CPU.ActiveCfg = Release|Any CPU
		{169DCA3F-419D-4457-ADE4-170D3CD0596E}.Release|Any CPU.Build.0 = Release|Any CPU
	EndGlobalSection
	GlobalSection(SolutionProperties) = preSolution
		HideSolutionNode = FALSE
	EndGlobalSection
	GlobalSection(ExtensibilityGlobals) = postSolution
		SolutionGuid = {CBA851C7-C419-4301-AB41-CD498B514624}
	EndGlobalSection
EndGlobal
